{
  "schema_version": "infra/v1",
  "dry_run": true,
  "paths": {
    "results_root": "results",
    "dry_run_results_root": "results/preflight",
    "full_results_root": "results/full",
    "logs_dir": "results/logs"
  },
  "rsync": {
    "exclude": [
      ".git/",
      "__pycache__/",
      ".pytest_cache/",
      "results/raw/",
      "results/full/"
    ]
  },
  "domain_machine_constraints": {
    "WebArena-Verified": [
      "webarena_vps"
    ],
    "MiniWoB++": [
      "webarena_vps"
    ],
    "OSWorld-Verified": [
      "osworld_vps"
    ],
    "AndroidWorld": [
      "local_androidworld"
    ],
    "AgentDojo": [
      "other_vps"
    ],
    "AppWorld": [
      "other_vps"
    ],
    "\u03c4\u00b3-bench retail": [
      "other_vps"
    ],
    "WorkArena": [
      "other_vps"
    ],
    "ToolSandbox": [
      "local_toolsandbox"
    ],
    "judge-only": [
      "other_vps"
    ],
    "maintenance update": [
      "other_vps"
    ],
    "matched-budget controls": [
      "other_vps"
    ]
  },
  "machines": [
    {
      "machine_id": "webarena-vps-01",
      "enabled": true,
      "role": "webarena_vps",
      "connection": "ssh",
      "ssh": {
        "host": "45.76.116.86",
        "user": "root",
        "port": 22,
        "key_path": "<SSH_PRIVATE_KEY_PATH>"
      },
      "remote_workdir": "<REMOTE_REPO_ROOT>",
      "python": {
        "environment_type": "venv",
        "python_bin": "python3",
        "env_path": "<REMOTE_REPO_ROOT>/.venv"
      },
      "docker": {
        "enabled": true,
        "compose_file": "<REMOTE_REPO_ROOT>/docker-compose.yml"
      },
      "benchmarks": {
        "WebArena-Verified": {
          "install_dir": "<WEBARENA_INSTALL_ROOT>",
          "assets_path": "<WEBARENA_INSTALL_ROOT>/config_files",
          "runner_command": "/root/miniconda3/envs/webarena/bin/python",
          "python_bin": "/root/miniconda3/envs/webarena/bin/python",
          "environment": {
            "required": true,
            "required_sites": [
              "shopping",
              "shopping_admin",
              "reddit",
              "gitlab",
              "wikipedia",
              "map"
            ],
            "container_names": {
              "shopping": "shopping",
              "shopping_admin": "shopping_admin",
              "reddit": "forum",
              "gitlab": "gitlab",
              "wikipedia": "wikipedia",
              "map": "map"
            },
            "reset_command": "<WEBARENA_INSTALL_ROOT>/scripts/evidence_reset_env.sh {site}",
            "data_dir": "<WEBARENA_INSTALL_ROOT>/downloads",
            "health_urls": {
              "shopping": "http://127.0.0.1:7770",
              "shopping_admin": "http://127.0.0.1:7780/admin",
              "reddit": "http://127.0.0.1:9999",
              "gitlab": "http://127.0.0.1:8023",
              "wikipedia": "http://127.0.0.1:8888/wikipedia_en_all_maxi_2022-05/A/User:The_other_Kiwix_guy/Landing",
              "map": "http://127.0.0.1:3000"
            }
          }
        },
        "MiniWoB++": {
          "install_dir": "<MINIWOB_INSTALL_ROOT>",
          "assets_path": "<MINIWOB_INSTALL_ROOT>/miniwob/html/miniwob",
          "runner_command": "<MINIWOB_VENV_ROOT>/bin/python",
          "python_bin": "<MINIWOB_VENV_ROOT>/bin/python",
          "base_url": "http://127.0.0.1:8787/miniwob/",
          "http_server_dir": "<MINIWOB_INSTALL_ROOT>/miniwob/html",
          "http_server_port": 8787,
          "http_server_session": "miniwob-http",
          "smoke_max_steps": 6,
          "full_max_steps": 30
        }
      },
      "runner_workdir": "<REMOTE_REPO_ROOT>",
      "concurrency": 3,
      "resources": {
        "gpu": false,
        "cpu_limit": 4,
        "memory_gb": 16
      },
      "logs_dir": "results/logs/webarena",
      "results_dir": "results/preflight/webarena",
      "disk_free_gb_min": 20,
      "network_targets": [
        "https://pypi.org/simple/"
      ],
      "benchmark_assets": {
        "browser_artifacts": "<WEBARENA_INSTALL_ROOT>/results/browser_artifacts",
        "verifier_inputs": "<WEBARENA_INSTALL_ROOT>/config_files/test.raw.json",
        "network_trace": "<WEBARENA_INSTALL_ROOT>/results/traces"
      },
      "scheduler": {
        "tmux": true,
        "systemd": false,
        "docker_compose": true
      },
      "allowed_domains": [
        "WebArena-Verified",
        "MiniWoB++"
      ]
    },
    {
      "machine_id": "osworld-vps-01",
      "enabled": false,
      "role": "osworld_vps",
      "connection": "ssh",
      "ssh": {
        "host": "\u9700\u8981\u4ece locked manifest \u786e\u8ba4",
        "user": "\u9700\u8981\u4ece locked manifest \u786e\u8ba4",
        "port": 22,
        "key_path": "\u9700\u8981\u4ece locked manifest \u786e\u8ba4"
      },
      "remote_workdir": "\u9700\u8981\u4ece locked manifest \u786e\u8ba4",
      "python": {
        "environment_type": "conda",
        "python_bin": "python",
        "env_path": "\u9700\u8981\u4ece locked manifest \u786e\u8ba4"
      },
      "docker": {
        "enabled": true,
        "compose_file": "\u9700\u8981\u4ece locked manifest \u786e\u8ba4"
      },
      "benchmarks": {
        "OSWorld-Verified": {
          "install_dir": "\u9700\u8981\u4ece locked manifest \u786e\u8ba4",
          "assets_path": "\u9700\u8981\u4ece locked manifest \u786e\u8ba4"
        }
      },
      "runner_workdir": "\u9700\u8981\u4ece locked manifest \u786e\u8ba4",
      "concurrency": 3,
      "resources": {
        "gpu": false,
        "cpu_limit": 8,
        "memory_gb": 32
      },
      "logs_dir": "results/logs/osworld",
      "results_dir": "results/preflight/osworld",
      "disk_free_gb_min": 50,
      "network_targets": [
        "https://pypi.org/simple/"
      ],
      "benchmark_assets": {
        "sandbox_state": "\u9700\u8981\u4ece locked manifest \u786e\u8ba4",
        "evaluator_artifacts": "\u9700\u8981\u4ece locked manifest \u786e\u8ba4"
      },
      "scheduler": {
        "tmux": true,
        "systemd": false,
        "docker_compose": true
      },
      "allowed_domains": [
        "OSWorld-Verified"
      ]
    },
    {
      "machine_id": "other-vps-01",
      "enabled": true,
      "role": "other_vps",
      "connection": "ssh",
      "ssh": {
        "host": "134.199.161.171",
        "user": "root",
        "port": 22,
        "key_path": "<SSH_PRIVATE_KEY_PATH>"
      },
      "remote_workdir": "<REMOTE_REPO_ROOT>",
      "python": {
        "environment_type": "venv",
        "python_bin": "python3",
        "env_path": "<REMOTE_REPO_ROOT>/.venv"
      },
      "docker": {
        "enabled": true,
        "compose_file": "<REMOTE_REPO_ROOT>/docker-compose.yml"
      },
      "benchmarks": {
        "AgentDojo": {
          "install_dir": "<AGENTDOJO_INSTALL_ROOT>",
          "assets_path": "<AGENTDOJO_INSTALL_ROOT>",
          "runner_command": "<AGENTDOJO_INSTALL_ROOT>/.venv/bin/python -m agentdojo.scripts.benchmark"
        },
        "AppWorld": {
          "install_dir": "<APPWORLD_INSTALL_ROOT>",
          "assets_path": "<APPWORLD_INSTALL_ROOT>/project/data",
          "runner_command": "APPWORLD_ROOT=<APPWORLD_INSTALL_ROOT>/project <APPWORLD_INSTALL_ROOT>/.venv/bin/appworld"
        },
        "\u03c4\u00b3-bench retail": {
          "install_dir": "<TAU2_BENCH_INSTALL_ROOT>",
          "assets_path": "<TAU2_BENCH_INSTALL_ROOT>/data",
          "runner_command": "cd <TAU2_BENCH_INSTALL_ROOT> && <UV_BINARY> run tau2 run --domain retail"
        },
        "WorkArena": {
          "install_dir": "<WORKARENA_INSTALL_ROOT>",
          "assets_path": "<WORKARENA_INSTALL_ROOT>",
          "runner_command": "<WORKARENA_INSTALL_ROOT>/.venv/bin/python -m browsergym.workarena",
          "blocked_on": "Hugging Face gated WorkArena-Instances access and ServiceNow instance credentials"
        },
        "judge": {
          "install_dir": "<REMOTE_REPO_ROOT>",
          "assets_path": "<REMOTE_REPO_ROOT>/results/preflight/judge",
          "runner_command": "python3 <REMOTE_REPO_ROOT>/scripts/run_domain.py --domain judge --mode dry-run"
        },
        "judge-only": {
          "install_dir": "<REMOTE_REPO_ROOT>",
          "assets_path": "<REMOTE_REPO_ROOT>/results/preflight/judge-only",
          "runner_command": "python3 <REMOTE_REPO_ROOT>/scripts/run_domain.py --domain judge-only --mode dry-run"
        },
        "maintenance update": {
          "install_dir": "<REMOTE_REPO_ROOT>",
          "assets_path": "<REMOTE_REPO_ROOT>/results/preflight/maintenance",
          "runner_command": "python3 <REMOTE_REPO_ROOT>/scripts/run_domain.py --domain maintenance --mode dry-run"
        },
        "update": {
          "install_dir": "<REMOTE_REPO_ROOT>",
          "assets_path": "<REMOTE_REPO_ROOT>/results/preflight/update",
          "runner_command": "python3 <REMOTE_REPO_ROOT>/scripts/run_domain.py --domain update --mode dry-run"
        },
        "matched-budget controls": {
          "install_dir": "<REMOTE_REPO_ROOT>",
          "assets_path": "<REMOTE_REPO_ROOT>/results/preflight/matched-budget",
          "runner_command": "python3 <REMOTE_REPO_ROOT>/scripts/run_domain.py --domain matched-budget --mode dry-run"
        }
      },
      "runner_workdir": "<REMOTE_REPO_ROOT>",
      "concurrency": 10,
      "resources": {
        "gpu": false,
        "cpu_limit": 8,
        "memory_gb": 32
      },
      "logs_dir": "results/logs/other",
      "results_dir": "results/preflight/other",
      "disk_free_gb_min": 50,
      "network_targets": [
        "https://pypi.org/simple/"
      ],
      "benchmark_assets": {
        "database_snapshots": "<REMOTE_REPO_ROOT>/results/raw/database_snapshots",
        "tool_logs": "<REMOTE_REPO_ROOT>/results/raw/tool_logs",
        "policy_records": "<REMOTE_REPO_ROOT>/results/raw/policy_records"
      },
      "scheduler": {
        "tmux": true,
        "systemd": false,
        "docker_compose": true
      },
      "allowed_domains": [
        "AgentDojo",
        "AppWorld",
        "\u03c4\u00b3-bench retail",
        "WorkArena",
        "judge-only",
        "maintenance update",
        "matched-budget controls"
      ]
    },
    {
      "machine_id": "local-androidworld-01",
      "role": "local_androidworld",
      "connection": "local",
      "remote_workdir": "<REPO_ROOT>",
      "python": {
        "environment_type": "venv",
        "python_bin": "<ANDROIDWORLD_INSTALL_ROOT>/.venv311/bin/python",
        "env_path": "<ANDROIDWORLD_INSTALL_ROOT>/.venv311"
      },
      "docker": {
        "enabled": false,
        "compose_file": ""
      },
      "benchmarks": {
        "AndroidWorld": {
          "install_dir": "<ANDROIDWORLD_INSTALL_ROOT>",
          "assets_path": "<ANDROIDWORLD_INSTALL_ROOT>/assets",
          "runner_command": "<ANDROIDWORLD_INSTALL_ROOT>/.venv311/bin/python run.py --suite_family=android_world",
          "blocked_on": "Launch AndroidWorldAvd with -grpc 8554 before live benchmark runs"
        }
      },
      "runner_workdir": "<REPO_ROOT>",
      "concurrency": 1,
      "resources": {
        "gpu": false,
        "cpu_limit": 4,
        "memory_gb": 16
      },
      "logs_dir": "results/logs/androidworld",
      "results_dir": "results/preflight/androidworld",
      "disk_free_gb_min": 20,
      "network_targets": [
        "https://pypi.org/simple/"
      ],
      "benchmark_assets": {
        "device_state": "results/raw/androidworld/device_state",
        "system_state": "results/raw/androidworld/system_state",
        "evaluator_artifacts": "results/raw/androidworld/evaluator_artifacts"
      },
      "scheduler": {
        "tmux": false,
        "systemd": false,
        "docker_compose": false
      },
      "allowed_domains": [
        "AndroidWorld"
      ]
    },
    {
      "machine_id": "local-toolsandbox-01",
      "enabled": true,
      "role": "local_toolsandbox",
      "connection": "local",
      "remote_workdir": "<REPO_ROOT>",
      "python": {
        "environment_type": "venv",
        "python_bin": "<REPO_ROOT>/.venv-toolsandbox/bin/python",
        "env_path": "<REPO_ROOT>/.venv-toolsandbox"
      },
      "docker": {
        "enabled": false,
        "compose_file": ""
      },
      "benchmarks": {
        "ToolSandbox": {
          "install_dir": "<REPO_ROOT>/.venv-toolsandbox",
          "assets_path": "<REPO_ROOT>/results/raw/toolsandbox",
          "runner_command": "<REPO_ROOT>/.venv-toolsandbox/bin/python"
        }
      },
      "runner_workdir": "<REPO_ROOT>",
      "concurrency": 1,
      "resources": {
        "gpu": false,
        "cpu_limit": 4,
        "memory_gb": 16
      },
      "logs_dir": "results/logs/toolsandbox",
      "results_dir": "results/smoke/toolsandbox",
      "disk_free_gb_min": 10,
      "network_targets": [
        "https://openrouter.ai/api/v1/chat/completions",
        "https://github.com/apple/ToolSandbox"
      ],
      "benchmark_assets": {
        "scenario_artifacts": "results/raw/toolsandbox/trajectories",
        "evaluator_artifacts": "results/raw/toolsandbox/evaluator_artifacts",
        "tool_logs": "results/raw/toolsandbox/tool_logs"
      },
      "scheduler": {
        "tmux": false,
        "systemd": false,
        "docker_compose": false
      },
      "allowed_domains": [
        "ToolSandbox"
      ]
    }
  ]
}
